
Microsoft Visual Studio Solution File, Format Version 12.00
# Visual Studio Version 16
VisualStudioVersion = 16.0.29020.237
MinimumVisualStudioVersion = 10.0.40219.1
Project("{FAE04EC0-301F-11D3-BF4B-00C04F79EFBC}") = "graphical_connect4", "graphical_connect4\graphical_connect4.csproj", "{08141451-735F-465E-9C65-A7DF2962E839}"
EndProject
Global
	GlobalSection(SolutionConfigurationPlatforms) = preSolution
		Debug|Any CPU = Debug|Any CPU
		Release|Any CPU = Release|Any CPU
	EndGlobalSection
	GlobalSection(ProjectConfigurationPlatforms) = postSolution
		{08141451-735F-465E-9C65-A7DF2962E839}.Debug|Any CPU.ActiveCfg = Debug|Any CPU
		{08141451-735F-465E-9C65-A7DF2962E839}.Debug|Any CPU.Build.0 = Debug|Any CPU
		{08141451-735F-465E-9C65-A7DF2962E839}.Release|Any CPU.ActiveCfg = Release|Any CPU
		{08141451-735F-465E-9C65-A7DF2962E839}.Release|Any CPU.Build.0 = Release|Any CPU
	EndGlobalSection
	GlobalSection(SolutionProperties) = preSolution
		HideSolutionNode = FALSE
	EndGlobalSection
	GlobalSection(ExtensibilityGlobals) = postSolution
		SolutionGuid = {BD57EB4C-D785-40C0-9143-40AD41F3E345}
	EndGlobalSection
EndGlobal
